
Microsoft Visual Studio Solution File, Format Version 12.00
# Visual Studio Version 16
VisualStudioVersion = 16.0.29509.3
MinimumVisualStudioVersion = 10.0.40219.1
Project("{FAE04EC0-301F-11D3-BF4B-00C04F79EFBC}") = "LINQDemo3", "LINQDemo\LINQDemo3.csproj", "{8C036F17-D31B-40FF-87A2-2511E561EDF1}"
EndProject
Global
	GlobalSection(SolutionConfigurationPlatforms) = preSolution
		Debug|Any CPU = Debug|Any CPU
		Release|Any CPU = Release|Any CPU
	EndGlobalSection
	GlobalSection(ProjectConfigurationPlatforms) = postSolution
		{8C036F17-D31B-40FF-87A2-2511E561EDF1}.Debug|Any CPU.ActiveCfg = Debug|Any CPU
		{8C036F17-D31B-40FF-87A2-2511E561EDF1}.Debug|Any CPU.Build.0 = Debug|Any CPU
		{8C036F17-D31B-40FF-87A2-2511E561EDF1}.Release|Any CPU.ActiveCfg = Release|Any CPU
		{8C036F17-D31B-40FF-87A2-2511E561EDF1}.Release|Any CPU.Build.0 = Release|Any CPU
	EndGlobalSection
	GlobalSection(SolutionProperties) = preSolution
		HideSolutionNode = FALSE
	EndGlobalSection
	GlobalSection(ExtensibilityGlobals) = postSolution
		SolutionGuid = {D2307E22-AE63-4386-BFA2-979430F9BBC7}
	EndGlobalSection
EndGlobal
