
Microsoft Visual Studio Solution File, Format Version 12.00
# Visual Studio Version 16
VisualStudioVersion = 16.0.30320.27
MinimumVisualStudioVersion = 10.0.40219.1
Project("{FAE04EC0-301F-11D3-BF4B-00C04F79EFBC}") = "WPFApp4MVVM", "WPFApp4MVVM\WPFApp4MVVM.csproj", "{4D881C6E-8602-49E5-88CC-77325C1792FC}"
EndProject
Project("{FAE04EC0-301F-11D3-BF4B-00C04F79EFBC}") = "WpfApp5", "WpfApp5\WpfApp5.csproj", "{BB935B2E-5143-4B68-8ADB-4FEFC86EAF63}"
EndProject
Project("{FAE04EC0-301F-11D3-BF4B-00C04F79EFBC}") = "CarShopTest", "CarShopTest\CarShopTest.csproj", "{38253031-313B-4CCD-B22E-25DBA207971B}"
EndProject
Project("{FAE04EC0-301F-11D3-BF4B-00C04F79EFBC}") = "CarShop", "CarLibrary\CarShop.csproj", "{EDE2FE94-0442-4770-AE67-056E149D22FC}"
EndProject
Global
	GlobalSection(SolutionConfigurationPlatforms) = preSolution
		Debug|Any CPU = Debug|Any CPU
		Release|Any CPU = Release|Any CPU
	EndGlobalSection
	GlobalSection(ProjectConfigurationPlatforms) = postSolution
		{4D881C6E-8602-49E5-88CC-77325C1792FC}.Debug|Any CPU.ActiveCfg = Debug|Any CPU
		{4D881C6E-8602-49E5-88CC-77325C1792FC}.Debug|Any CPU.Build.0 = Debug|Any CPU
		{4D881C6E-8602-49E5-88CC-77325C1792FC}.Release|Any CPU.ActiveCfg = Release|Any CPU
		{4D881C6E-8602-49E5-88CC-77325C1792FC}.Release|Any CPU.Build.0 = Release|Any CPU
		{BB935B2E-5143-4B68-8ADB-4FEFC86EAF63}.Debug|Any CPU.ActiveCfg = Debug|Any CPU
		{BB935B2E-5143-4B68-8ADB-4FEFC86EAF63}.Debug|Any CPU.Build.0 = Debug|Any CPU
		{BB935B2E-5143-4B68-8ADB-4FEFC86EAF63}.Release|Any CPU.ActiveCfg = Release|Any CPU
		{BB935B2E-5143-4B68-8ADB-4FEFC86EAF63}.Release|Any CPU.Build.0 = Release|Any CPU
		{38253031-313B-4CCD-B22E-25DBA207971B}.Debug|Any CPU.ActiveCfg = Debug|Any CPU
		{38253031-313B-4CCD-B22E-25DBA207971B}.Debug|Any CPU.Build.0 = Debug|Any CPU
		{38253031-313B-4CCD-B22E-25DBA207971B}.Release|Any CPU.ActiveCfg = Release|Any CPU
		{38253031-313B-4CCD-B22E-25DBA207971B}.Release|Any CPU.Build.0 = Release|Any CPU
		{EDE2FE94-0442-4770-AE67-056E149D22FC}.Debug|Any CPU.ActiveCfg = Debug|Any CPU
		{EDE2FE94-0442-4770-AE67-056E149D22FC}.Debug|Any CPU.Build.0 = Debug|Any CPU
		{EDE2FE94-0442-4770-AE67-056E149D22FC}.Release|Any CPU.ActiveCfg = Release|Any CPU
		{EDE2FE94-0442-4770-AE67-056E149D22FC}.Release|Any CPU.Build.0 = Release|Any CPU
	EndGlobalSection
	GlobalSection(SolutionProperties) = preSolution
		HideSolutionNode = FALSE
	EndGlobalSection
	GlobalSection(ExtensibilityGlobals) = postSolution
		SolutionGuid = {96B77B70-6750-4CE2-A6E0-D96E799CE64C}
	EndGlobalSection
EndGlobal
