
Microsoft Visual Studio Solution File, Format Version 12.00
# Visual Studio Version 16
VisualStudioVersion = 16.0.29209.62
MinimumVisualStudioVersion = 10.0.40219.1
Project("{FAE04EC0-301F-11D3-BF4B-00C04F79EFBC}") = "Ch1SimpAttach", "Ch1SimpAttach\Ch1SimpAttach.csproj", "{C3A05502-EB34-456B-A91C-E679DA4BE417}"
EndProject
Global
	GlobalSection(SolutionConfigurationPlatforms) = preSolution
		Debug|Any CPU = Debug|Any CPU
		Release|Any CPU = Release|Any CPU
	EndGlobalSection
	GlobalSection(ProjectConfigurationPlatforms) = postSolution
		{C3A05502-EB34-456B-A91C-E679DA4BE417}.Debug|Any CPU.ActiveCfg = Debug|Any CPU
		{C3A05502-EB34-456B-A91C-E679DA4BE417}.Debug|Any CPU.Build.0 = Debug|Any CPU
		{C3A05502-EB34-456B-A91C-E679DA4BE417}.Release|Any CPU.ActiveCfg = Release|Any CPU
		{C3A05502-EB34-456B-A91C-E679DA4BE417}.Release|Any CPU.Build.0 = Release|Any CPU
	EndGlobalSection
	GlobalSection(SolutionProperties) = preSolution
		HideSolutionNode = FALSE
	EndGlobalSection
	GlobalSection(ExtensibilityGlobals) = postSolution
		SolutionGuid = {447455E5-FB6B-49F4-91A9-29B9AA0D6DF0}
	EndGlobalSection
EndGlobal
