
Microsoft Visual Studio Solution File, Format Version 12.00
# Visual Studio Version 16
VisualStudioVersion = 16.0.29201.188
MinimumVisualStudioVersion = 10.0.40219.1
Project("{FAE04EC0-301F-11D3-BF4B-00C04F79EFBC}") = "ChildElementApp", "ChildElementApp\ChildElementApp.csproj", "{906E18BE-6157-4160-92DB-B4A89C4F4A9D}"
EndProject
Global
	GlobalSection(SolutionConfigurationPlatforms) = preSolution
		Debug|Any CPU = Debug|Any CPU
		Release|Any CPU = Release|Any CPU
	EndGlobalSection
	GlobalSection(ProjectConfigurationPlatforms) = postSolution
		{906E18BE-6157-4160-92DB-B4A89C4F4A9D}.Debug|Any CPU.ActiveCfg = Debug|Any CPU
		{906E18BE-6157-4160-92DB-B4A89C4F4A9D}.Debug|Any CPU.Build.0 = Debug|Any CPU
		{906E18BE-6157-4160-92DB-B4A89C4F4A9D}.Release|Any CPU.ActiveCfg = Release|Any CPU
		{906E18BE-6157-4160-92DB-B4A89C4F4A9D}.Release|Any CPU.Build.0 = Release|Any CPU
	EndGlobalSection
	GlobalSection(SolutionProperties) = preSolution
		HideSolutionNode = FALSE
	EndGlobalSection
	GlobalSection(ExtensibilityGlobals) = postSolution
		SolutionGuid = {D257AA8B-F4B9-4B4F-8D8D-BDDD5CDD45AC}
	EndGlobalSection
EndGlobal
