
Microsoft Visual Studio Solution File, Format Version 12.00
# Visual Studio Version 16
VisualStudioVersion = 16.0.30320.27
MinimumVisualStudioVersion = 10.0.40219.1
Project("{FAE04EC0-301F-11D3-BF4B-00C04F79EFBC}") = "AudioPlayer2020", "AudioPlayer2020\AudioPlayer2020.csproj", "{B11423D8-5696-44EA-99C7-CD2D09A9B04F}"
EndProject
Global
	GlobalSection(SolutionConfigurationPlatforms) = preSolution
		Debug|Any CPU = Debug|Any CPU
		Release|Any CPU = Release|Any CPU
	EndGlobalSection
	GlobalSection(ProjectConfigurationPlatforms) = postSolution
		{B11423D8-5696-44EA-99C7-CD2D09A9B04F}.Debug|Any CPU.ActiveCfg = Debug|Any CPU
		{B11423D8-5696-44EA-99C7-CD2D09A9B04F}.Debug|Any CPU.Build.0 = Debug|Any CPU
		{B11423D8-5696-44EA-99C7-CD2D09A9B04F}.Release|Any CPU.ActiveCfg = Release|Any CPU
		{B11423D8-5696-44EA-99C7-CD2D09A9B04F}.Release|Any CPU.Build.0 = Release|Any CPU
	EndGlobalSection
	GlobalSection(SolutionProperties) = preSolution
		HideSolutionNode = FALSE
	EndGlobalSection
	GlobalSection(ExtensibilityGlobals) = postSolution
		SolutionGuid = {7B74C882-7FD4-4895-B947-BBC64DB54CA7}
	EndGlobalSection
EndGlobal
