
Microsoft Visual Studio Solution File, Format Version 12.00
# Visual Studio Version 16
VisualStudioVersion = 16.0.29920.165
MinimumVisualStudioVersion = 10.0.40219.1
Project("{FAE04EC0-301F-11D3-BF4B-00C04F79EFBC}") = "SajContCont", "SajContCont\SajContCont.csproj", "{D6B4704F-DEFE-491C-BDE3-71158909B3B5}"
EndProject
Project("{FAE04EC0-301F-11D3-BF4B-00C04F79EFBC}") = "SajCustomConLib", "SajCustomConLib\SajCustomConLib.csproj", "{47C302A2-A8A3-4D0E-9BA5-A781EE594EFB}"
EndProject
Global
	GlobalSection(SolutionConfigurationPlatforms) = preSolution
		Debug|Any CPU = Debug|Any CPU
		Release|Any CPU = Release|Any CPU
	EndGlobalSection
	GlobalSection(ProjectConfigurationPlatforms) = postSolution
		{D6B4704F-DEFE-491C-BDE3-71158909B3B5}.Debug|Any CPU.ActiveCfg = Debug|Any CPU
		{D6B4704F-DEFE-491C-BDE3-71158909B3B5}.Debug|Any CPU.Build.0 = Debug|Any CPU
		{D6B4704F-DEFE-491C-BDE3-71158909B3B5}.Release|Any CPU.ActiveCfg = Release|Any CPU
		{D6B4704F-DEFE-491C-BDE3-71158909B3B5}.Release|Any CPU.Build.0 = Release|Any CPU
		{47C302A2-A8A3-4D0E-9BA5-A781EE594EFB}.Debug|Any CPU.ActiveCfg = Debug|Any CPU
		{47C302A2-A8A3-4D0E-9BA5-A781EE594EFB}.Debug|Any CPU.Build.0 = Debug|Any CPU
		{47C302A2-A8A3-4D0E-9BA5-A781EE594EFB}.Release|Any CPU.ActiveCfg = Release|Any CPU
		{47C302A2-A8A3-4D0E-9BA5-A781EE594EFB}.Release|Any CPU.Build.0 = Release|Any CPU
	EndGlobalSection
	GlobalSection(SolutionProperties) = preSolution
		HideSolutionNode = FALSE
	EndGlobalSection
	GlobalSection(ExtensibilityGlobals) = postSolution
		SolutionGuid = {8E88676F-CD27-45FF-BA92-2412490DD881}
	EndGlobalSection
EndGlobal
