
Microsoft Visual Studio Solution File, Format Version 12.00
# Visual Studio Version 16
VisualStudioVersion = 16.0.29920.165
MinimumVisualStudioVersion = 10.0.40219.1
Project("{FAE04EC0-301F-11D3-BF4B-00C04F79EFBC}") = "ContactAppSQLLite2", "ContactAppSQLLite2\ContactAppSQLLite2.csproj", "{22CFEB3E-7ABF-4DD9-9034-B1B67585EC93}"
EndProject
Global
	GlobalSection(SolutionConfigurationPlatforms) = preSolution
		Debug|Any CPU = Debug|Any CPU
		Release|Any CPU = Release|Any CPU
	EndGlobalSection
	GlobalSection(ProjectConfigurationPlatforms) = postSolution
		{22CFEB3E-7ABF-4DD9-9034-B1B67585EC93}.Debug|Any CPU.ActiveCfg = Debug|Any CPU
		{22CFEB3E-7ABF-4DD9-9034-B1B67585EC93}.Debug|Any CPU.Build.0 = Debug|Any CPU
		{22CFEB3E-7ABF-4DD9-9034-B1B67585EC93}.Release|Any CPU.ActiveCfg = Release|Any CPU
		{22CFEB3E-7ABF-4DD9-9034-B1B67585EC93}.Release|Any CPU.Build.0 = Release|Any CPU
	EndGlobalSection
	GlobalSection(SolutionProperties) = preSolution
		HideSolutionNode = FALSE
	EndGlobalSection
	GlobalSection(ExtensibilityGlobals) = postSolution
		SolutionGuid = {1273D4AA-6A25-4EB5-8BFE-41A38932DF92}
	EndGlobalSection
EndGlobal
