
Microsoft Visual Studio Solution File, Format Version 12.00
# Visual Studio Version 16
VisualStudioVersion = 16.0.30204.135
MinimumVisualStudioVersion = 10.0.40219.1
Project("{9A19103F-16F7-4668-BE54-9A1E7A4F7556}") = "BlazorSimGill", "BlazorSimGill\BlazorSimGill.csproj", "{6857F9D7-3636-4808-B5FB-1E776CA0F8B5}"
EndProject
Project("{9A19103F-16F7-4668-BE54-9A1E7A4F7556}") = "BethanysPieShopHRM.Shared", "BethanysPieShopHRM.Shared\BethanysPieShopHRM.Shared.csproj", "{19B1D96F-FEE9-4C79-BFB6-2970118C83E4}"
EndProject
Project("{9A19103F-16F7-4668-BE54-9A1E7A4F7556}") = "BethanysPieShopHRM.Api", "BethanysPieShopHRM.Api\BethanysPieShopHRM.Api.csproj", "{B4AC1163-D7AD-4B52-ABA8-A2D674DA8148}"
EndProject
Global
	GlobalSection(SolutionConfigurationPlatforms) = preSolution
		Debug|Any CPU = Debug|Any CPU
		Release|Any CPU = Release|Any CPU
	EndGlobalSection
	GlobalSection(ProjectConfigurationPlatforms) = postSolution
		{6857F9D7-3636-4808-B5FB-1E776CA0F8B5}.Debug|Any CPU.ActiveCfg = Debug|Any CPU
		{6857F9D7-3636-4808-B5FB-1E776CA0F8B5}.Debug|Any CPU.Build.0 = Debug|Any CPU
		{6857F9D7-3636-4808-B5FB-1E776CA0F8B5}.Release|Any CPU.ActiveCfg = Release|Any CPU
		{6857F9D7-3636-4808-B5FB-1E776CA0F8B5}.Release|Any CPU.Build.0 = Release|Any CPU
		{19B1D96F-FEE9-4C79-BFB6-2970118C83E4}.Debug|Any CPU.ActiveCfg = Debug|Any CPU
		{19B1D96F-FEE9-4C79-BFB6-2970118C83E4}.Debug|Any CPU.Build.0 = Debug|Any CPU
		{19B1D96F-FEE9-4C79-BFB6-2970118C83E4}.Release|Any CPU.ActiveCfg = Release|Any CPU
		{19B1D96F-FEE9-4C79-BFB6-2970118C83E4}.Release|Any CPU.Build.0 = Release|Any CPU
		{B4AC1163-D7AD-4B52-ABA8-A2D674DA8148}.Debug|Any CPU.ActiveCfg = Debug|Any CPU
		{B4AC1163-D7AD-4B52-ABA8-A2D674DA8148}.Debug|Any CPU.Build.0 = Debug|Any CPU
		{B4AC1163-D7AD-4B52-ABA8-A2D674DA8148}.Release|Any CPU.ActiveCfg = Release|Any CPU
		{B4AC1163-D7AD-4B52-ABA8-A2D674DA8148}.Release|Any CPU.Build.0 = Release|Any CPU
	EndGlobalSection
	GlobalSection(SolutionProperties) = preSolution
		HideSolutionNode = FALSE
	EndGlobalSection
	GlobalSection(ExtensibilityGlobals) = postSolution
		SolutionGuid = {FC0F81D2-2656-4475-86CE-D662D3D5291C}
	EndGlobalSection
EndGlobal
