
Microsoft Visual Studio Solution File, Format Version 12.00
# Visual Studio Version 16
VisualStudioVersion = 16.0.32228.343
MinimumVisualStudioVersion = 10.0.40219.1
Project("{8BC9CEB8-8B4A-11D0-8D11-00A0C91BC942}") = "WxWidgetApp6", "WxWidgetApp6.vcxproj", "{53D79315-C4DA-45FD-9F10-7F8C0E83AFEB}"
EndProject
Global
	GlobalSection(SolutionConfigurationPlatforms) = preSolution
		Debug|x64 = Debug|x64
		Debug|x86 = Debug|x86
		Release|x64 = Release|x64
		Release|x86 = Release|x86
	EndGlobalSection
	GlobalSection(ProjectConfigurationPlatforms) = postSolution
		{53D79315-C4DA-45FD-9F10-7F8C0E83AFEB}.Debug|x64.ActiveCfg = Debug|x64
		{53D79315-C4DA-45FD-9F10-7F8C0E83AFEB}.Debug|x64.Build.0 = Debug|x64
		{53D79315-C4DA-45FD-9F10-7F8C0E83AFEB}.Debug|x86.ActiveCfg = Debug|x64
		{53D79315-C4DA-45FD-9F10-7F8C0E83AFEB}.Debug|x86.Build.0 = Debug|x64
		{53D79315-C4DA-45FD-9F10-7F8C0E83AFEB}.Release|x64.ActiveCfg = Release|x64
		{53D79315-C4DA-45FD-9F10-7F8C0E83AFEB}.Release|x64.Build.0 = Release|x64
		{53D79315-C4DA-45FD-9F10-7F8C0E83AFEB}.Release|x86.ActiveCfg = Release|Win32
		{53D79315-C4DA-45FD-9F10-7F8C0E83AFEB}.Release|x86.Build.0 = Release|Win32
	EndGlobalSection
	GlobalSection(SolutionProperties) = preSolution
		HideSolutionNode = FALSE
	EndGlobalSection
	GlobalSection(ExtensibilityGlobals) = postSolution
		SolutionGuid = {BCC553F3-0CD1-4C85-BE4E-2436CAB27013}
	EndGlobalSection
EndGlobal
