
Microsoft Visual Studio Solution File, Format Version 12.00
# Visual Studio Version 16
VisualStudioVersion = 16.0.29001.49
MinimumVisualStudioVersion = 10.0.40219.1
Project("{FAE04EC0-301F-11D3-BF4B-00C04F79EFBC}") = "WPF_UdemStart", "WPF_UdemStart\WPF_UdemStart.csproj", "{AE39417C-807F-42FF-92F7-6507E3E375A5}"
EndProject
Project("{FAE04EC0-301F-11D3-BF4B-00C04F79EFBC}") = "Models", "Models\Models.csproj", "{BCAEB63D-E09A-4EA5-A8B1-67CAD462D334}"
EndProject
Project("{FAE04EC0-301F-11D3-BF4B-00C04F79EFBC}") = "PropertyExamp", "PropertyExamp\PropertyExamp.csproj", "{B08F40A2-998E-4380-BB9E-4EC2BA31467F}"
EndProject
Project("{FAE04EC0-301F-11D3-BF4B-00C04F79EFBC}") = "DependencyPropatee", "DependencyPropatee\DependencyPropatee.csproj", "{896B88C6-7AE4-4492-9E74-DD869D08DCDC}"
EndProject
Project("{FAE04EC0-301F-11D3-BF4B-00C04F79EFBC}") = "CustomDepenProp", "CustomDepenProp\CustomDepenProp.csproj", "{709BAEB9-76D3-4F7E-84BE-18B23CF48C30}"
EndProject
Global
	GlobalSection(SolutionConfigurationPlatforms) = preSolution
		Debug|Any CPU = Debug|Any CPU
		Release|Any CPU = Release|Any CPU
	EndGlobalSection
	GlobalSection(ProjectConfigurationPlatforms) = postSolution
		{AE39417C-807F-42FF-92F7-6507E3E375A5}.Debug|Any CPU.ActiveCfg = Debug|Any CPU
		{AE39417C-807F-42FF-92F7-6507E3E375A5}.Debug|Any CPU.Build.0 = Debug|Any CPU
		{AE39417C-807F-42FF-92F7-6507E3E375A5}.Release|Any CPU.ActiveCfg = Release|Any CPU
		{AE39417C-807F-42FF-92F7-6507E3E375A5}.Release|Any CPU.Build.0 = Release|Any CPU
		{BCAEB63D-E09A-4EA5-A8B1-67CAD462D334}.Debug|Any CPU.ActiveCfg = Debug|Any CPU
		{BCAEB63D-E09A-4EA5-A8B1-67CAD462D334}.Debug|Any CPU.Build.0 = Debug|Any CPU
		{BCAEB63D-E09A-4EA5-A8B1-67CAD462D334}.Release|Any CPU.ActiveCfg = Release|Any CPU
		{BCAEB63D-E09A-4EA5-A8B1-67CAD462D334}.Release|Any CPU.Build.0 = Release|Any CPU
		{B08F40A2-998E-4380-BB9E-4EC2BA31467F}.Debug|Any CPU.ActiveCfg = Debug|Any CPU
		{B08F40A2-998E-4380-BB9E-4EC2BA31467F}.Debug|Any CPU.Build.0 = Debug|Any CPU
		{B08F40A2-998E-4380-BB9E-4EC2BA31467F}.Release|Any CPU.ActiveCfg = Release|Any CPU
		{B08F40A2-998E-4380-BB9E-4EC2BA31467F}.Release|Any CPU.Build.0 = Release|Any CPU
		{896B88C6-7AE4-4492-9E74-DD869D08DCDC}.Debug|Any CPU.ActiveCfg = Debug|Any CPU
		{896B88C6-7AE4-4492-9E74-DD869D08DCDC}.Debug|Any CPU.Build.0 = Debug|Any CPU
		{896B88C6-7AE4-4492-9E74-DD869D08DCDC}.Release|Any CPU.ActiveCfg = Release|Any CPU
		{896B88C6-7AE4-4492-9E74-DD869D08DCDC}.Release|Any CPU.Build.0 = Release|Any CPU
		{709BAEB9-76D3-4F7E-84BE-18B23CF48C30}.Debug|Any CPU.ActiveCfg = Debug|Any CPU
		{709BAEB9-76D3-4F7E-84BE-18B23CF48C30}.Debug|Any CPU.Build.0 = Debug|Any CPU
		{709BAEB9-76D3-4F7E-84BE-18B23CF48C30}.Release|Any CPU.ActiveCfg = Release|Any CPU
		{709BAEB9-76D3-4F7E-84BE-18B23CF48C30}.Release|Any CPU.Build.0 = Release|Any CPU
	EndGlobalSection
	GlobalSection(SolutionProperties) = preSolution
		HideSolutionNode = FALSE
	EndGlobalSection
	GlobalSection(ExtensibilityGlobals) = postSolution
		SolutionGuid = {50C138C9-4EF0-4199-86EC-7DF30C737B07}
	EndGlobalSection
EndGlobal
