
Microsoft Visual Studio Solution File, Format Version 12.00
# Visual Studio Version 16
VisualStudioVersion = 16.0.29920.165
MinimumVisualStudioVersion = 10.0.40219.1
Project("{FAE04EC0-301F-11D3-BF4B-00C04F79EFBC}") = "ContactAppSQLLite", "ContactAppSQLLite\ContactAppSQLLite.csproj", "{B6530E2D-BB9D-4629-B970-1DF657035748}"
EndProject
Global
	GlobalSection(SolutionConfigurationPlatforms) = preSolution
		Debug|Any CPU = Debug|Any CPU
		Release|Any CPU = Release|Any CPU
	EndGlobalSection
	GlobalSection(ProjectConfigurationPlatforms) = postSolution
		{B6530E2D-BB9D-4629-B970-1DF657035748}.Debug|Any CPU.ActiveCfg = Debug|Any CPU
		{B6530E2D-BB9D-4629-B970-1DF657035748}.Debug|Any CPU.Build.0 = Debug|Any CPU
		{B6530E2D-BB9D-4629-B970-1DF657035748}.Release|Any CPU.ActiveCfg = Release|Any CPU
		{B6530E2D-BB9D-4629-B970-1DF657035748}.Release|Any CPU.Build.0 = Release|Any CPU
	EndGlobalSection
	GlobalSection(SolutionProperties) = preSolution
		HideSolutionNode = FALSE
	EndGlobalSection
	GlobalSection(ExtensibilityGlobals) = postSolution
		SolutionGuid = {9AABE921-128A-4125-BCF3-0BD5D4B54BC4}
	EndGlobalSection
EndGlobal
