
Microsoft Visual Studio Solution File, Format Version 12.00
# Visual Studio Version 16
VisualStudioVersion = 16.0.30204.135
MinimumVisualStudioVersion = 10.0.40219.1
Project("{9A19103F-16F7-4668-BE54-9A1E7A4F7556}") = "BlazorClientAppGill", "BlazorClientAppGill.csproj", "{89B5F70C-EB50-4400-90A0-44582FDD6E76}"
EndProject
Project("{9A19103F-16F7-4668-BE54-9A1E7A4F7556}") = "BethanysPieShopHRM.Shared", "..\BethanysPieShopHRM.Shared\BethanysPieShopHRM.Shared.csproj", "{2A3E2D7B-D919-49A2-85EC-E8A270E5C442}"
EndProject
Global
	GlobalSection(SolutionConfigurationPlatforms) = preSolution
		Debug|Any CPU = Debug|Any CPU
		Release|Any CPU = Release|Any CPU
	EndGlobalSection
	GlobalSection(ProjectConfigurationPlatforms) = postSolution
		{89B5F70C-EB50-4400-90A0-44582FDD6E76}.Debug|Any CPU.ActiveCfg = Debug|Any CPU
		{89B5F70C-EB50-4400-90A0-44582FDD6E76}.Debug|Any CPU.Build.0 = Debug|Any CPU
		{89B5F70C-EB50-4400-90A0-44582FDD6E76}.Release|Any CPU.ActiveCfg = Release|Any CPU
		{89B5F70C-EB50-4400-90A0-44582FDD6E76}.Release|Any CPU.Build.0 = Release|Any CPU
		{2A3E2D7B-D919-49A2-85EC-E8A270E5C442}.Debug|Any CPU.ActiveCfg = Debug|Any CPU
		{2A3E2D7B-D919-49A2-85EC-E8A270E5C442}.Debug|Any CPU.Build.0 = Debug|Any CPU
		{2A3E2D7B-D919-49A2-85EC-E8A270E5C442}.Release|Any CPU.ActiveCfg = Release|Any CPU
		{2A3E2D7B-D919-49A2-85EC-E8A270E5C442}.Release|Any CPU.Build.0 = Release|Any CPU
	EndGlobalSection
	GlobalSection(SolutionProperties) = preSolution
		HideSolutionNode = FALSE
	EndGlobalSection
	GlobalSection(ExtensibilityGlobals) = postSolution
		SolutionGuid = {A50F21A2-76BB-445E-BFA1-13CDBB71D702}
	EndGlobalSection
EndGlobal
