
Microsoft Visual Studio Solution File, Format Version 12.00
# Visual Studio Version 16
VisualStudioVersion = 16.0.29209.62
MinimumVisualStudioVersion = 10.0.40219.1
Project("{FAE04EC0-301F-11D3-BF4B-00C04F79EFBC}") = "WorkwithNulls", "WorkwithNulls\WorkwithNulls.csproj", "{A6F49C4B-CAF8-4939-BD1C-6E7C468F8071}"
EndProject
Global
	GlobalSection(SolutionConfigurationPlatforms) = preSolution
		Debug|Any CPU = Debug|Any CPU
		Release|Any CPU = Release|Any CPU
	EndGlobalSection
	GlobalSection(ProjectConfigurationPlatforms) = postSolution
		{A6F49C4B-CAF8-4939-BD1C-6E7C468F8071}.Debug|Any CPU.ActiveCfg = Debug|Any CPU
		{A6F49C4B-CAF8-4939-BD1C-6E7C468F8071}.Debug|Any CPU.Build.0 = Debug|Any CPU
		{A6F49C4B-CAF8-4939-BD1C-6E7C468F8071}.Release|Any CPU.ActiveCfg = Release|Any CPU
		{A6F49C4B-CAF8-4939-BD1C-6E7C468F8071}.Release|Any CPU.Build.0 = Release|Any CPU
	EndGlobalSection
	GlobalSection(SolutionProperties) = preSolution
		HideSolutionNode = FALSE
	EndGlobalSection
	GlobalSection(ExtensibilityGlobals) = postSolution
		SolutionGuid = {BF352239-B2E9-4023-B894-6F39D4AAD3CA}
	EndGlobalSection
EndGlobal
