
Microsoft Visual Studio Solution File, Format Version 12.00
# Visual Studio Version 16
VisualStudioVersion = 16.0.29209.62
MinimumVisualStudioVersion = 10.0.40219.1
Project("{FAE04EC0-301F-11D3-BF4B-00C04F79EFBC}") = "Chap1App", "Chap1App\Chap1App.csproj", "{54AB744B-CE78-4B2C-8246-20B1B91ECA60}"
EndProject
Global
	GlobalSection(SolutionConfigurationPlatforms) = preSolution
		Debug|Any CPU = Debug|Any CPU
		Release|Any CPU = Release|Any CPU
	EndGlobalSection
	GlobalSection(ProjectConfigurationPlatforms) = postSolution
		{54AB744B-CE78-4B2C-8246-20B1B91ECA60}.Debug|Any CPU.ActiveCfg = Debug|Any CPU
		{54AB744B-CE78-4B2C-8246-20B1B91ECA60}.Debug|Any CPU.Build.0 = Debug|Any CPU
		{54AB744B-CE78-4B2C-8246-20B1B91ECA60}.Release|Any CPU.ActiveCfg = Release|Any CPU
		{54AB744B-CE78-4B2C-8246-20B1B91ECA60}.Release|Any CPU.Build.0 = Release|Any CPU
	EndGlobalSection
	GlobalSection(SolutionProperties) = preSolution
		HideSolutionNode = FALSE
	EndGlobalSection
	GlobalSection(ExtensibilityGlobals) = postSolution
		SolutionGuid = {CCA0416C-46A9-4630-B963-C2B69BC2B029}
	EndGlobalSection
EndGlobal
