
Microsoft Visual Studio Solution File, Format Version 12.00
# Visual Studio Version 16
VisualStudioVersion = 16.0.32510.428
MinimumVisualStudioVersion = 10.0.40219.1
Project("{8BC9CEB8-8B4A-11D0-8D11-00A0C91BC942}") = "WxWidgetApp7", "WxWidgetApp7.vcxproj", "{00B363BB-4211-4287-A68F-46EFE575DD58}"
EndProject
Global
	GlobalSection(SolutionConfigurationPlatforms) = preSolution
		Debug|x64 = Debug|x64
		Debug|x86 = Debug|x86
		Release|x64 = Release|x64
		Release|x86 = Release|x86
	EndGlobalSection
	GlobalSection(ProjectConfigurationPlatforms) = postSolution
		{00B363BB-4211-4287-A68F-46EFE575DD58}.Debug|x64.ActiveCfg = Debug|x64
		{00B363BB-4211-4287-A68F-46EFE575DD58}.Debug|x64.Build.0 = Debug|x64
		{00B363BB-4211-4287-A68F-46EFE575DD58}.Debug|x86.ActiveCfg = Debug|Win32
		{00B363BB-4211-4287-A68F-46EFE575DD58}.Debug|x86.Build.0 = Debug|Win32
		{00B363BB-4211-4287-A68F-46EFE575DD58}.Release|x64.ActiveCfg = Release|x64
		{00B363BB-4211-4287-A68F-46EFE575DD58}.Release|x64.Build.0 = Release|x64
		{00B363BB-4211-4287-A68F-46EFE575DD58}.Release|x86.ActiveCfg = Release|Win32
		{00B363BB-4211-4287-A68F-46EFE575DD58}.Release|x86.Build.0 = Release|Win32
	EndGlobalSection
	GlobalSection(SolutionProperties) = preSolution
		HideSolutionNode = FALSE
	EndGlobalSection
	GlobalSection(ExtensibilityGlobals) = postSolution
		SolutionGuid = {832D754E-08EB-47E5-888E-4BE005D0D2FE}
	EndGlobalSection
EndGlobal
