
Microsoft Visual Studio Solution File, Format Version 12.00
# Visual Studio 15
VisualStudioVersion = 15.0.27130.2010
MinimumVisualStudioVersion = 10.0.40219.1
Project("{FAE04EC0-301F-11D3-BF4B-00C04F79EFBC}") = "DesktopContactsApp", "DesktopContactsApp\DesktopContactsApp.csproj", "{DBB1C4C5-DE40-4698-9467-EFA4662F2BE9}"
EndProject
Global
	GlobalSection(SolutionConfigurationPlatforms) = preSolution
		Debug|Any CPU = Debug|Any CPU
		Release|Any CPU = Release|Any CPU
	EndGlobalSection
	GlobalSection(ProjectConfigurationPlatforms) = postSolution
		{DBB1C4C5-DE40-4698-9467-EFA4662F2BE9}.Debug|Any CPU.ActiveCfg = Debug|Any CPU
		{DBB1C4C5-DE40-4698-9467-EFA4662F2BE9}.Debug|Any CPU.Build.0 = Debug|Any CPU
		{DBB1C4C5-DE40-4698-9467-EFA4662F2BE9}.Release|Any CPU.ActiveCfg = Release|Any CPU
		{DBB1C4C5-DE40-4698-9467-EFA4662F2BE9}.Release|Any CPU.Build.0 = Release|Any CPU
	EndGlobalSection
	GlobalSection(SolutionProperties) = preSolution
		HideSolutionNode = FALSE
	EndGlobalSection
	GlobalSection(ExtensibilityGlobals) = postSolution
		SolutionGuid = {91E2DDD7-965D-4D26-AE29-F6C3933A6018}
	EndGlobalSection
EndGlobal
