
Microsoft Visual Studio Solution File, Format Version 12.00
# Visual Studio Version 16
VisualStudioVersion = 16.0.30717.126
MinimumVisualStudioVersion = 10.0.40219.1
Project("{9A19103F-16F7-4668-BE54-9A1E7A4F7556}") = "MovieRanker", "MovieRanker.csproj", "{D5D12766-0A4B-4961-A7D9-A025826CB4EA}"
EndProject
Project("{9A19103F-16F7-4668-BE54-9A1E7A4F7556}") = "MovieRank.Contracts", "..\MovieRank.Contracts\MovieRank.Contracts.csproj", "{1B5125F6-FE8C-4520-B92E-35F910011678}"
EndProject
Project("{9A19103F-16F7-4668-BE54-9A1E7A4F7556}") = "MovieRank.Libs", "..\MovieRank.Libs\MovieRank.Libs.csproj", "{537729E7-4A8E-44CD-8B59-6228F2B0528B}"
EndProject
Global
	GlobalSection(SolutionConfigurationPlatforms) = preSolution
		Debug|Any CPU = Debug|Any CPU
		Release|Any CPU = Release|Any CPU
	EndGlobalSection
	GlobalSection(ProjectConfigurationPlatforms) = postSolution
		{D5D12766-0A4B-4961-A7D9-A025826CB4EA}.Debug|Any CPU.ActiveCfg = Debug|Any CPU
		{D5D12766-0A4B-4961-A7D9-A025826CB4EA}.Debug|Any CPU.Build.0 = Debug|Any CPU
		{D5D12766-0A4B-4961-A7D9-A025826CB4EA}.Release|Any CPU.ActiveCfg = Release|Any CPU
		{D5D12766-0A4B-4961-A7D9-A025826CB4EA}.Release|Any CPU.Build.0 = Release|Any CPU
		{1B5125F6-FE8C-4520-B92E-35F910011678}.Debug|Any CPU.ActiveCfg = Debug|Any CPU
		{1B5125F6-FE8C-4520-B92E-35F910011678}.Debug|Any CPU.Build.0 = Debug|Any CPU
		{1B5125F6-FE8C-4520-B92E-35F910011678}.Release|Any CPU.ActiveCfg = Release|Any CPU
		{1B5125F6-FE8C-4520-B92E-35F910011678}.Release|Any CPU.Build.0 = Release|Any CPU
		{537729E7-4A8E-44CD-8B59-6228F2B0528B}.Debug|Any CPU.ActiveCfg = Debug|Any CPU
		{537729E7-4A8E-44CD-8B59-6228F2B0528B}.Debug|Any CPU.Build.0 = Debug|Any CPU
		{537729E7-4A8E-44CD-8B59-6228F2B0528B}.Release|Any CPU.ActiveCfg = Release|Any CPU
		{537729E7-4A8E-44CD-8B59-6228F2B0528B}.Release|Any CPU.Build.0 = Release|Any CPU
	EndGlobalSection
	GlobalSection(SolutionProperties) = preSolution
		HideSolutionNode = FALSE
	EndGlobalSection
	GlobalSection(ExtensibilityGlobals) = postSolution
		SolutionGuid = {7513638F-BE94-422A-AF85-E4A4A602BB81}
	EndGlobalSection
EndGlobal
