
Microsoft Visual Studio Solution File, Format Version 12.00
# Visual Studio Version 16
VisualStudioVersion = 16.0.30503.244
MinimumVisualStudioVersion = 10.0.40219.1
Project("{FAE04EC0-301F-11D3-BF4B-00C04F79EFBC}") = "DataBinding101", "WpfApp1\DataBinding101.csproj", "{6210C73B-F250-489D-A638-712676281597}"
EndProject
Global
	GlobalSection(SolutionConfigurationPlatforms) = preSolution
		Debug|Any CPU = Debug|Any CPU
		Release|Any CPU = Release|Any CPU
	EndGlobalSection
	GlobalSection(ProjectConfigurationPlatforms) = postSolution
		{6210C73B-F250-489D-A638-712676281597}.Debug|Any CPU.ActiveCfg = Debug|Any CPU
		{6210C73B-F250-489D-A638-712676281597}.Debug|Any CPU.Build.0 = Debug|Any CPU
		{6210C73B-F250-489D-A638-712676281597}.Release|Any CPU.ActiveCfg = Release|Any CPU
		{6210C73B-F250-489D-A638-712676281597}.Release|Any CPU.Build.0 = Release|Any CPU
	EndGlobalSection
	GlobalSection(SolutionProperties) = preSolution
		HideSolutionNode = FALSE
	EndGlobalSection
	GlobalSection(ExtensibilityGlobals) = postSolution
		SolutionGuid = {90DE570B-4AA6-45F3-99AF-7DFCDF82EE20}
	EndGlobalSection
EndGlobal
