
Microsoft Visual Studio Solution File, Format Version 12.00
# Visual Studio Version 16
VisualStudioVersion = 16.0.29411.108
MinimumVisualStudioVersion = 10.0.40219.1
Project("{FAE04EC0-301F-11D3-BF4B-00C04F79EFBC}") = "BethanysPieShopHRM.Server", "BethanysPieShopHRM.Server\BethanysPieShopHRM.Server.csproj", "{4D9572AE-D56F-41D9-BB5C-D84894BD535C}"
EndProject
Project("{9A19103F-16F7-4668-BE54-9A1E7A4F7556}") = "BethanysPieShopHRM.Shared", "BethanysPieShopHRM.Shared\BethanysPieShopHRM.Shared.csproj", "{932B83FA-8D91-43C2-82A1-5D734898BC38}"
EndProject
Project("{9A19103F-16F7-4668-BE54-9A1E7A4F7556}") = "BethanysPieShopHRM.Api", "BethanysPieShopHRM.Api\BethanysPieShopHRM.Api.csproj", "{A47B44E4-829B-4662-BA88-7457C6A6155B}"
EndProject
Global
	GlobalSection(SolutionConfigurationPlatforms) = preSolution
		Debug|Any CPU = Debug|Any CPU
		Release|Any CPU = Release|Any CPU
	EndGlobalSection
	GlobalSection(ProjectConfigurationPlatforms) = postSolution
		{4D9572AE-D56F-41D9-BB5C-D84894BD535C}.Debug|Any CPU.ActiveCfg = Debug|Any CPU
		{4D9572AE-D56F-41D9-BB5C-D84894BD535C}.Debug|Any CPU.Build.0 = Debug|Any CPU
		{4D9572AE-D56F-41D9-BB5C-D84894BD535C}.Release|Any CPU.ActiveCfg = Release|Any CPU
		{4D9572AE-D56F-41D9-BB5C-D84894BD535C}.Release|Any CPU.Build.0 = Release|Any CPU
		{932B83FA-8D91-43C2-82A1-5D734898BC38}.Debug|Any CPU.ActiveCfg = Debug|Any CPU
		{932B83FA-8D91-43C2-82A1-5D734898BC38}.Debug|Any CPU.Build.0 = Debug|Any CPU
		{932B83FA-8D91-43C2-82A1-5D734898BC38}.Release|Any CPU.ActiveCfg = Release|Any CPU
		{932B83FA-8D91-43C2-82A1-5D734898BC38}.Release|Any CPU.Build.0 = Release|Any CPU
		{A47B44E4-829B-4662-BA88-7457C6A6155B}.Debug|Any CPU.ActiveCfg = Debug|Any CPU
		{A47B44E4-829B-4662-BA88-7457C6A6155B}.Debug|Any CPU.Build.0 = Debug|Any CPU
		{A47B44E4-829B-4662-BA88-7457C6A6155B}.Release|Any CPU.ActiveCfg = Release|Any CPU
		{A47B44E4-829B-4662-BA88-7457C6A6155B}.Release|Any CPU.Build.0 = Release|Any CPU
	EndGlobalSection
	GlobalSection(SolutionProperties) = preSolution
		HideSolutionNode = FALSE
	EndGlobalSection
	GlobalSection(ExtensibilityGlobals) = postSolution
		SolutionGuid = {B351F8AD-BA52-4F1C-9A6F-7CB98CCF6CDB}
	EndGlobalSection
EndGlobal
