
Microsoft Visual Studio Solution File, Format Version 12.00
# Visual Studio Version 16
VisualStudioVersion = 16.0.30225.117
MinimumVisualStudioVersion = 10.0.40219.1
Project("{FAE04EC0-301F-11D3-BF4B-00C04F79EFBC}") = "WPFAppsSMLab", "WPFAppsSMLab\WPFAppsSMLab.csproj", "{2BBE1AC1-1531-4552-83CA-8C06B955C5BD}"
EndProject
Global
	GlobalSection(SolutionConfigurationPlatforms) = preSolution
		Debug|Any CPU = Debug|Any CPU
		Release|Any CPU = Release|Any CPU
	EndGlobalSection
	GlobalSection(ProjectConfigurationPlatforms) = postSolution
		{2BBE1AC1-1531-4552-83CA-8C06B955C5BD}.Debug|Any CPU.ActiveCfg = Debug|Any CPU
		{2BBE1AC1-1531-4552-83CA-8C06B955C5BD}.Debug|Any CPU.Build.0 = Debug|Any CPU
		{2BBE1AC1-1531-4552-83CA-8C06B955C5BD}.Release|Any CPU.ActiveCfg = Release|Any CPU
		{2BBE1AC1-1531-4552-83CA-8C06B955C5BD}.Release|Any CPU.Build.0 = Release|Any CPU
	EndGlobalSection
	GlobalSection(SolutionProperties) = preSolution
		HideSolutionNode = FALSE
	EndGlobalSection
	GlobalSection(ExtensibilityGlobals) = postSolution
		SolutionGuid = {B707F655-8C8E-4CDC-B907-96CFA44F9E20}
	EndGlobalSection
EndGlobal
