
Microsoft Visual Studio Solution File, Format Version 12.00
# Visual Studio Version 16
VisualStudioVersion = 16.0.30621.155
MinimumVisualStudioVersion = 10.0.40219.1
Project("{FAE04EC0-301F-11D3-BF4B-00C04F79EFBC}") = "HandleErrors", "HandleErrors.csproj", "{9D4C68E6-53FB-4734-9AA1-E3A8A4E79816}"
EndProject
Global
	GlobalSection(SolutionConfigurationPlatforms) = preSolution
		Debug|Any CPU = Debug|Any CPU
		Release|Any CPU = Release|Any CPU
	EndGlobalSection
	GlobalSection(ProjectConfigurationPlatforms) = postSolution
		{9D4C68E6-53FB-4734-9AA1-E3A8A4E79816}.Debug|Any CPU.ActiveCfg = Debug|Any CPU
		{9D4C68E6-53FB-4734-9AA1-E3A8A4E79816}.Debug|Any CPU.Build.0 = Debug|Any CPU
		{9D4C68E6-53FB-4734-9AA1-E3A8A4E79816}.Release|Any CPU.ActiveCfg = Release|Any CPU
		{9D4C68E6-53FB-4734-9AA1-E3A8A4E79816}.Release|Any CPU.Build.0 = Release|Any CPU
	EndGlobalSection
	GlobalSection(SolutionProperties) = preSolution
		HideSolutionNode = FALSE
	EndGlobalSection
	GlobalSection(ExtensibilityGlobals) = postSolution
		SolutionGuid = {DEDC7A5E-8D25-4E20-98E2-069DC1B3A40F}
	EndGlobalSection
EndGlobal
